{
  "requires": true,
  "lockfileVersion": 1,
  "dependencies": {
    "normalize-wheel": {
      "version": "1.0.1",
      "resolved": "https://registry.npmjs.org/normalize-wheel/-/normalize-wheel-1.0.1.tgz",
      "integrity": "sha1-rsiGr/2wRQcNhWRH32Ls+GFG7EU="
    },
    "react-easy-crop": {
      "version": "4.0.1",
      "resolved": "https://registry.npmjs.org/react-easy-crop/-/react-easy-crop-4.0.1.tgz",
      "integrity": "sha512-cREis2557y/ZkvgiNaLlFrzjduUSUvEYYxbglwggpo2gnxCjBQZeRgAPoedvXX0e0BgyGAI0zD3motVucJGhzA==",
      "requires": {
        "normalize-wheel": "^1.0.1",
        "tslib": "2.0.1"
      }
    },
    "tslib": {
      "version": "2.0.1",
      "resolved": "https://registry.npmjs.org/tslib/-/tslib-2.0.1.tgz",
      "integrity": "sha512-SgIkNheinmEBgx1IUNirK0TUD4X9yjjBRTqqjggWCU3pUEqIk3/Uwl3yRixYKT6WjQuGiwDv4NomL3wqRCj+CQ=="
    }
  }
}
